
Microsoft Visual Studio Solution File, Format Version 12.00
# Visual Studio Version 16
VisualStudioVersion = 16.0.30114.105
MinimumVisualStudioVersion = 10.0.40219.1
Project("{888888A0-9F3D-457C-B088-3A5042F75D52}") = "GroupProj4350", "GroupProj4350\GroupProj4350.pyproj", "{558AA7D7-B60D-4D4C-9A89-1DDBCA8F10FB}"
EndProject
Global
	GlobalSection(SolutionConfigurationPlatforms) = preSolution
		Debug|Any CPU = Debug|Any CPU
		Release|Any CPU = Release|Any CPU
	EndGlobalSection
	GlobalSection(ProjectConfigurationPlatforms) = postSolution
		{558AA7D7-B60D-4D4C-9A89-1DDBCA8F10FB}.Debug|Any CPU.ActiveCfg = Debug|Any CPU
		{558AA7D7-B60D-4D4C-9A89-1DDBCA8F10FB}.Release|Any CPU.ActiveCfg = Release|Any CPU
	EndGlobalSection
	GlobalSection(SolutionProperties) = preSolution
		HideSolutionNode = FALSE
	EndGlobalSection
	GlobalSection(ExtensibilityGlobals) = postSolution
		SolutionGuid = {2429CF39-73D0-4843-ADA3-879949FC0672}
	EndGlobalSection
EndGlobal
